
Microsoft Visual Studio Solution File, Format Version 12.00
Project("{FAE04EC0-301F-11D3-BF4B-00C04F79EFBC}") = "StudyGroupsApp", "StudyGroupsApp\StudyGroupsApp.csproj", "{521091EA-4A19-4CDF-98DD-F2D79CFB2179}"
EndProject
Project("{FAE04EC0-301F-11D3-BF4B-00C04F79EFBC}") = "StudyGroupsTests", "StudyGroupsTests\StudyGroupsTests.csproj", "{3AE34A12-03ED-4DE6-85DB-6C4E349538FD}"
EndProject
Global
	GlobalSection(SolutionConfigurationPlatforms) = preSolution
		Debug|Any CPU = Debug|Any CPU
		Release|Any CPU = Release|Any CPU
	EndGlobalSection
	GlobalSection(ProjectConfigurationPlatforms) = postSolution
		{521091EA-4A19-4CDF-98DD-F2D79CFB2179}.Debug|Any CPU.ActiveCfg = Debug|Any CPU
		{521091EA-4A19-4CDF-98DD-F2D79CFB2179}.Debug|Any CPU.Build.0 = Debug|Any CPU
		{521091EA-4A19-4CDF-98DD-F2D79CFB2179}.Release|Any CPU.ActiveCfg = Release|Any CPU
		{521091EA-4A19-4CDF-98DD-F2D79CFB2179}.Release|Any CPU.Build.0 = Release|Any CPU
		{3AE34A12-03ED-4DE6-85DB-6C4E349538FD}.Debug|Any CPU.ActiveCfg = Debug|Any CPU
		{3AE34A12-03ED-4DE6-85DB-6C4E349538FD}.Debug|Any CPU.Build.0 = Debug|Any CPU
		{3AE34A12-03ED-4DE6-85DB-6C4E349538FD}.Release|Any CPU.ActiveCfg = Release|Any CPU
		{3AE34A12-03ED-4DE6-85DB-6C4E349538FD}.Release|Any CPU.Build.0 = Release|Any CPU
	EndGlobalSection
EndGlobal
